
Microsoft Visual Studio Solution File, Format Version 12.00
# Visual Studio Version 17
VisualStudioVersion = 17.0.31912.275
MinimumVisualStudioVersion = 10.0.40219.1
Project("{9A19103F-16F7-4668-BE54-9A1E7A4F7556}") = "NetDaemonApps", "NetDaemonApps\NetDaemonApps.csproj", "{28874D5D-D03D-44B5-BE34-F49E98A6F419}"
EndProject
Global
	GlobalSection(SolutionConfigurationPlatforms) = preSolution
		Debug|Any CPU = Debug|Any CPU
		Release|Any CPU = Release|Any CPU
	EndGlobalSection
	GlobalSection(ProjectConfigurationPlatforms) = postSolution
		{28874D5D-D03D-44B5-BE34-F49E98A6F419}.Debug|Any CPU.ActiveCfg = Debug|Any CPU
		{28874D5D-D03D-44B5-BE34-F49E98A6F419}.Debug|Any CPU.Build.0 = Debug|Any CPU
		{28874D5D-D03D-44B5-BE34-F49E98A6F419}.Release|Any CPU.ActiveCfg = Release|Any CPU
		{28874D5D-D03D-44B5-BE34-F49E98A6F419}.Release|Any CPU.Build.0 = Release|Any CPU
	EndGlobalSection
	GlobalSection(SolutionProperties) = preSolution
		HideSolutionNode = FALSE
	EndGlobalSection
	GlobalSection(ExtensibilityGlobals) = postSolution
		SolutionGuid = {DC36C943-3BB7-425C-9C38-78F634B41B6D}
	EndGlobalSection
EndGlobal
